
Microsoft Visual Studio Solution File, Format Version 12.00
# Visual Studio Version 18
VisualStudioVersion = 18.0.0.0
MinimumVisualStudioVersion = 10.0.40219.1
Project("{FAE04EC0-301F-11D3-BF4B-00C04F79EFBC}") = "ScreenInk.App", "src\ScreenInk.App\ScreenInk.App.csproj", "{ED8B36E8-A98E-4E82-94C1-C3C1F54BCE1A}"
EndProject
Project("{FAE04EC0-301F-11D3-BF4B-00C04F79EFBC}") = "ScreenInk.Core", "src\ScreenInk.Core\ScreenInk.Core.csproj", "{E861188D-D879-4F27-BC47-836E71F60F68}"
EndProject
Project("{2150E333-8FDC-42A3-9474-1A3956D46DE8}") = "src", "src", "{827E0CD3-B72D-47B6-A68D-7590B98EB39B}"
EndProject
Project("{FAE04EC0-301F-11D3-BF4B-00C04F79EFBC}") = "ScreenInk.Native", "src\ScreenInk.Native\ScreenInk.Native.csproj", "{936EEF16-F2D8-48E4-93EE-C0E9069622E3}"
EndProject
Project("{FAE04EC0-301F-11D3-BF4B-00C04F79EFBC}") = "ScreenInk.Overlay", "src\ScreenInk.Overlay\ScreenInk.Overlay.csproj", "{E086D172-9E4D-4A19-A7B9-4436BC8DBE49}"
EndProject
Project("{FAE04EC0-301F-11D3-BF4B-00C04F79EFBC}") = "ScreenInk.Drawing", "src\ScreenInk.Drawing\ScreenInk.Drawing.csproj", "{F90F4B82-52E7-4037-94D3-5620FD38FD6D}"
EndProject
Project("{FAE04EC0-301F-11D3-BF4B-00C04F79EFBC}") = "ScreenInk.Input", "src\ScreenInk.Input\ScreenInk.Input.csproj", "{45BB1CAC-9589-4149-8FC6-B1B90B0CDC70}"
EndProject
Project("{FAE04EC0-301F-11D3-BF4B-00C04F79EFBC}") = "ScreenInk.Tools", "src\ScreenInk.Tools\ScreenInk.Tools.csproj", "{BE141451-B573-47FE-8779-662F9ABBC84E}"
EndProject
Project("{FAE04EC0-301F-11D3-BF4B-00C04F79EFBC}") = "ScreenInk.Sharing", "src\ScreenInk.Sharing\ScreenInk.Sharing.csproj", "{78850F4A-48C3-4917-BB45-4137D8A06CFC}"
EndProject
Project("{FAE04EC0-301F-11D3-BF4B-00C04F79EFBC}") = "ScreenInk.Media", "src\ScreenInk.Media\ScreenInk.Media.csproj", "{188046C5-C381-4B13-BC60-ADAEB0E5B630}"
EndProject
Global
	GlobalSection(SolutionConfigurationPlatforms) = preSolution
		Debug|x64 = Debug|x64
		Debug|Any CPU = Debug|Any CPU
		Debug|x86 = Debug|x86
		Release|x64 = Release|x64
		Release|Any CPU = Release|Any CPU
		Release|x86 = Release|x86
	EndGlobalSection
	GlobalSection(ProjectConfigurationPlatforms) = postSolution
		{ED8B36E8-A98E-4E82-94C1-C3C1F54BCE1A}.Debug|x64.ActiveCfg = Debug|x64
		{ED8B36E8-A98E-4E82-94C1-C3C1F54BCE1A}.Debug|x64.Build.0 = Debug|x64
		{ED8B36E8-A98E-4E82-94C1-C3C1F54BCE1A}.Debug|Any CPU.ActiveCfg = Debug|Any CPU
		{ED8B36E8-A98E-4E82-94C1-C3C1F54BCE1A}.Debug|Any CPU.Build.0 = Debug|Any CPU
		{ED8B36E8-A98E-4E82-94C1-C3C1F54BCE1A}.Debug|x86.ActiveCfg = Debug|Any CPU
		{ED8B36E8-A98E-4E82-94C1-C3C1F54BCE1A}.Debug|x86.Build.0 = Debug|Any CPU
		{ED8B36E8-A98E-4E82-94C1-C3C1F54BCE1A}.Release|x64.ActiveCfg = Release|x64
		{ED8B36E8-A98E-4E82-94C1-C3C1F54BCE1A}.Release|x64.Build.0 = Release|x64
		{ED8B36E8-A98E-4E82-94C1-C3C1F54BCE1A}.Release|Any CPU.ActiveCfg = Release|Any CPU
		{ED8B36E8-A98E-4E82-94C1-C3C1F54BCE1A}.Release|Any CPU.Build.0 = Release|Any CPU
		{ED8B36E8-A98E-4E82-94C1-C3C1F54BCE1A}.Release|x86.ActiveCfg = Release|Any CPU
		{ED8B36E8-A98E-4E82-94C1-C3C1F54BCE1A}.Release|x86.Build.0 = Release|Any CPU
		{E861188D-D879-4F27-BC47-836E71F60F68}.Debug|x64.ActiveCfg = Debug|Any CPU
		{E861188D-D879-4F27-BC47-836E71F60F68}.Debug|x64.Build.0 = Debug|Any CPU
		{E861188D-D879-4F27-BC47-836E71F60F68}.Debug|Any CPU.ActiveCfg = Debug|Any CPU
		{E861188D-D879-4F27-BC47-836E71F60F68}.Debug|Any CPU.Build.0 = Debug|Any CPU
		{E861188D-D879-4F27-BC47-836E71F60F68}.Debug|x86.ActiveCfg = Debug|Any CPU
		{E861188D-D879-4F27-BC47-836E71F60F68}.Debug|x86.Build.0 = Debug|Any CPU
		{E861188D-D879-4F27-BC47-836E71F60F68}.Release|x64.ActiveCfg = Release|Any CPU
		{E861188D-D879-4F27-BC47-836E71F60F68}.Release|x64.Build.0 = Release|Any CPU
		{E861188D-D879-4F27-BC47-836E71F60F68}.Release|Any CPU.ActiveCfg = Release|Any CPU
		{E861188D-D879-4F27-BC47-836E71F60F68}.Release|Any CPU.Build.0 = Release|Any CPU
		{E861188D-D879-4F27-BC47-836E71F60F68}.Release|x86.ActiveCfg = Release|Any CPU
		{E861188D-D879-4F27-BC47-836E71F60F68}.Release|x86.Build.0 = Release|Any CPU
		{936EEF16-F2D8-48E4-93EE-C0E9069622E3}.Debug|x64.ActiveCfg = Debug|Any CPU
		{936EEF16-F2D8-48E4-93EE-C0E9069622E3}.Debug|x64.Build.0 = Debug|Any CPU
		{936EEF16-F2D8-48E4-93EE-C0E9069622E3}.Debug|Any CPU.ActiveCfg = Debug|Any CPU
		{936EEF16-F2D8-48E4-93EE-C0E9069622E3}.Debug|Any CPU.Build.0 = Debug|Any CPU
		{936EEF16-F2D8-48E4-93EE-C0E9069622E3}.Debug|x86.ActiveCfg = Debug|Any CPU
		{936EEF16-F2D8-48E4-93EE-C0E9069622E3}.Debug|x86.Build.0 = Debug|Any CPU
		{936EEF16-F2D8-48E4-93EE-C0E9069622E3}.Release|x64.ActiveCfg = Release|Any CPU
		{936EEF16-F2D8-48E4-93EE-C0E9069622E3}.Release|x64.Build.0 = Release|Any CPU
		{936EEF16-F2D8-48E4-93EE-C0E9069622E3}.Release|Any CPU.ActiveCfg = Release|Any CPU
		{936EEF16-F2D8-48E4-93EE-C0E9069622E3}.Release|Any CPU.Build.0 = Release|Any CPU
		{936EEF16-F2D8-48E4-93EE-C0E9069622E3}.Release|x86.ActiveCfg = Release|Any CPU
		{936EEF16-F2D8-48E4-93EE-C0E9069622E3}.Release|x86.Build.0 = Release|Any CPU
		{E086D172-9E4D-4A19-A7B9-4436BC8DBE49}.Debug|x64.ActiveCfg = Debug|Any CPU
		{E086D172-9E4D-4A19-A7B9-4436BC8DBE49}.Debug|x64.Build.0 = Debug|Any CPU
		{E086D172-9E4D-4A19-A7B9-4436BC8DBE49}.Debug|Any CPU.ActiveCfg = Debug|Any CPU
		{E086D172-9E4D-4A19-A7B9-4436BC8DBE49}.Debug|Any CPU.Build.0 = Debug|Any CPU
		{E086D172-9E4D-4A19-A7B9-4436BC8DBE49}.Debug|x86.ActiveCfg = Debug|Any CPU
		{E086D172-9E4D-4A19-A7B9-4436BC8DBE49}.Debug|x86.Build.0 = Debug|Any CPU
		{E086D172-9E4D-4A19-A7B9-4436BC8DBE49}.Release|x64.ActiveCfg = Release|Any CPU
		{E086D172-9E4D-4A19-A7B9-4436BC8DBE49}.Release|x64.Build.0 = Release|Any CPU
		{E086D172-9E4D-4A19-A7B9-4436BC8DBE49}.Release|Any CPU.ActiveCfg = Release|Any CPU
		{E086D172-9E4D-4A19-A7B9-4436BC8DBE49}.Release|Any CPU.Build.0 = Release|Any CPU
		{E086D172-9E4D-4A19-A7B9-4436BC8DBE49}.Release|x86.ActiveCfg = Release|Any CPU
		{E086D172-9E4D-4A19-A7B9-4436BC8DBE49}.Release|x86.Build.0 = Release|Any CPU
		{F90F4B82-52E7-4037-94D3-5620FD38FD6D}.Debug|x64.ActiveCfg = Debug|Any CPU
		{F90F4B82-52E7-4037-94D3-5620FD38FD6D}.Debug|x64.Build.0 = Debug|Any CPU
		{F90F4B82-52E7-4037-94D3-5620FD38FD6D}.Debug|Any CPU.ActiveCfg = Debug|Any CPU
		{F90F4B82-52E7-4037-94D3-5620FD38FD6D}.Debug|Any CPU.Build.0 = Debug|Any CPU
		{F90F4B82-52E7-4037-94D3-5620FD38FD6D}.Debug|x86.ActiveCfg = Debug|Any CPU
		{F90F4B82-52E7-4037-94D3-5620FD38FD6D}.Debug|x86.Build.0 = Debug|Any CPU
		{F90F4B82-52E7-4037-94D3-5620FD38FD6D}.Release|x64.ActiveCfg = Release|Any CPU
		{F90F4B82-52E7-4037-94D3-5620FD38FD6D}.Release|x64.Build.0 = Release|Any CPU
		{F90F4B82-52E7-4037-94D3-5620FD38FD6D}.Release|Any CPU.ActiveCfg = Release|Any CPU
		{F90F4B82-52E7-4037-94D3-5620FD38FD6D}.Release|Any CPU.Build.0 = Release|Any CPU
		{F90F4B82-52E7-4037-94D3-5620FD38FD6D}.Release|x86.ActiveCfg = Release|Any CPU
		{F90F4B82-52E7-4037-94D3-5620FD38FD6D}.Release|x86.Build.0 = Release|Any CPU
		{45BB1CAC-9589-4149-8FC6-B1B90B0CDC70}.Debug|x64.ActiveCfg = Debug|Any CPU
		{45BB1CAC-9589-4149-8FC6-B1B90B0CDC70}.Debug|x64.Build.0 = Debug|Any CPU
		{45BB1CAC-9589-4149-8FC6-B1B90B0CDC70}.Debug|Any CPU.ActiveCfg = Debug|Any CPU
		{45BB1CAC-9589-4149-8FC6-B1B90B0CDC70}.Debug|Any CPU.Build.0 = Debug|Any CPU
		{45BB1CAC-9589-4149-8FC6-B1B90B0CDC70}.Debug|x86.ActiveCfg = Debug|Any CPU
		{45BB1CAC-9589-4149-8FC6-B1B90B0CDC70}.Debug|x86.Build.0 = Debug|Any CPU
		{45BB1CAC-9589-4149-8FC6-B1B90B0CDC70}.Release|x64.ActiveCfg = Release|Any CPU
		{45BB1CAC-9589-4149-8FC6-B1B90B0CDC70}.Release|x64.Build.0 = Release|Any CPU
		{45BB1CAC-9589-4149-8FC6-B1B90B0CDC70}.Release|Any CPU.ActiveCfg = Release|Any CPU
		{45BB1CAC-9589-4149-8FC6-B1B90B0CDC70}.Release|Any CPU.Build.0 = Release|Any CPU
		{45BB1CAC-9589-4149-8FC6-B1B90B0CDC70}.Release|x86.ActiveCfg = Release|Any CPU
		{45BB1CAC-9589-4149-8FC6-B1B90B0CDC70}.Release|x86.Build.0 = Release|Any CPU
		{BE141451-B573-47FE-8779-662F9ABBC84E}.Debug|x64.ActiveCfg = Debug|Any CPU
		{BE141451-B573-47FE-8779-662F9ABBC84E}.Debug|x64.Build.0 = Debug|Any CPU
		{BE141451-B573-47FE-8779-662F9ABBC84E}.Debug|Any CPU.ActiveCfg = Debug|Any CPU
		{BE141451-B573-47FE-8779-662F9ABBC84E}.Debug|Any CPU.Build.0 = Debug|Any CPU
		{BE141451-B573-47FE-8779-662F9ABBC84E}.Debug|x86.ActiveCfg = Debug|Any CPU
		{BE141451-B573-47FE-8779-662F9ABBC84E}.Debug|x86.Build.0 = Debug|Any CPU
		{BE141451-B573-47FE-8779-662F9ABBC84E}.Release|x64.ActiveCfg = Release|Any CPU
		{BE141451-B573-47FE-8779-662F9ABBC84E}.Release|x64.Build.0 = Release|Any CPU
		{BE141451-B573-47FE-8779-662F9ABBC84E}.Release|Any CPU.ActiveCfg = Release|Any CPU
		{BE141451-B573-47FE-8779-662F9ABBC84E}.Release|Any CPU.Build.0 = Release|Any CPU
		{BE141451-B573-47FE-8779-662F9ABBC84E}.Release|x86.ActiveCfg = Release|Any CPU
		{BE141451-B573-47FE-8779-662F9ABBC84E}.Release|x86.Build.0 = Release|Any CPU
		{78850F4A-48C3-4917-BB45-4137D8A06CFC}.Debug|x64.ActiveCfg = Debug|Any CPU
		{78850F4A-48C3-4917-BB45-4137D8A06CFC}.Debug|x64.Build.0 = Debug|Any CPU
		{78850F4A-48C3-4917-BB45-4137D8A06CFC}.Debug|Any CPU.ActiveCfg = Debug|Any CPU
		{78850F4A-48C3-4917-BB45-4137D8A06CFC}.Debug|Any CPU.Build.0 = Debug|Any CPU
		{78850F4A-48C3-4917-BB45-4137D8A06CFC}.Debug|x86.ActiveCfg = Debug|Any CPU
		{78850F4A-48C3-4917-BB45-4137D8A06CFC}.Debug|x86.Build.0 = Debug|Any CPU
		{78850F4A-48C3-4917-BB45-4137D8A06CFC}.Release|x64.ActiveCfg = Release|Any CPU
		{78850F4A-48C3-4917-BB45-4137D8A06CFC}.Release|x64.Build.0 = Release|Any CPU
		{78850F4A-48C3-4917-BB45-4137D8A06CFC}.Release|Any CPU.ActiveCfg = Release|Any CPU
		{78850F4A-48C3-4917-BB45-4137D8A06CFC}.Release|Any CPU.Build.0 = Release|Any CPU
		{78850F4A-48C3-4917-BB45-4137D8A06CFC}.Release|x86.ActiveCfg = Release|Any CPU
		{78850F4A-48C3-4917-BB45-4137D8A06CFC}.Release|x86.Build.0 = Release|Any CPU
		{188046C5-C381-4B13-BC60-ADAEB0E5B630}.Debug|x64.ActiveCfg = Debug|Any CPU
		{188046C5-C381-4B13-BC60-ADAEB0E5B630}.Debug|x64.Build.0 = Debug|Any CPU
		{188046C5-C381-4B13-BC60-ADAEB0E5B630}.Debug|Any CPU.ActiveCfg = Debug|Any CPU
		{188046C5-C381-4B13-BC60-ADAEB0E5B630}.Debug|Any CPU.Build.0 = Debug|Any CPU
		{188046C5-C381-4B13-BC60-ADAEB0E5B630}.Debug|x86.ActiveCfg = Debug|Any CPU
		{188046C5-C381-4B13-BC60-ADAEB0E5B630}.Debug|x86.Build.0 = Debug|Any CPU
		{188046C5-C381-4B13-BC60-ADAEB0E5B630}.Release|x64.ActiveCfg = Release|Any CPU
		{188046C5-C381-4B13-BC60-ADAEB0E5B630}.Release|x64.Build.0 = Release|Any CPU
		{188046C5-C381-4B13-BC60-ADAEB0E5B630}.Release|Any CPU.ActiveCfg = Release|Any CPU
		{188046C5-C381-4B13-BC60-ADAEB0E5B630}.Release|Any CPU.Build.0 = Release|Any CPU
		{188046C5-C381-4B13-BC60-ADAEB0E5B630}.Release|x86.ActiveCfg = Release|Any CPU
		{188046C5-C381-4B13-BC60-ADAEB0E5B630}.Release|x86.Build.0 = Release|Any CPU
	EndGlobalSection
	GlobalSection(SolutionProperties) = preSolution
		HideSolutionNode = FALSE
	EndGlobalSection
	GlobalSection(NestedProjects) = preSolution
		{936EEF16-F2D8-48E4-93EE-C0E9069622E3} = {827E0CD3-B72D-47B6-A68D-7590B98EB39B}
		{E086D172-9E4D-4A19-A7B9-4436BC8DBE49} = {827E0CD3-B72D-47B6-A68D-7590B98EB39B}
		{F90F4B82-52E7-4037-94D3-5620FD38FD6D} = {827E0CD3-B72D-47B6-A68D-7590B98EB39B}
		{45BB1CAC-9589-4149-8FC6-B1B90B0CDC70} = {827E0CD3-B72D-47B6-A68D-7590B98EB39B}
		{BE141451-B573-47FE-8779-662F9ABBC84E} = {827E0CD3-B72D-47B6-A68D-7590B98EB39B}
		{78850F4A-48C3-4917-BB45-4137D8A06CFC} = {827E0CD3-B72D-47B6-A68D-7590B98EB39B}
		{188046C5-C381-4B13-BC60-ADAEB0E5B630} = {827E0CD3-B72D-47B6-A68D-7590B98EB39B}
	EndGlobalSection
EndGlobal
